
Microsoft Visual Studio Solution File, Format Version 12.00
# Visual Studio Version 17
VisualStudioVersion = 17.11.35327.3
MinimumVisualStudioVersion = 10.0.40219.1
Project("{FAE04EC0-301F-11D3-BF4B-00C04F79EFBC}") = "LoginUsers", "LoginUsers.csproj", "{3421C04F-3874-4824-8F6A-8767DC6380EC}"
EndProject
Global
	GlobalSection(SolutionConfigurationPlatforms) = preSolution
		Debug|Any CPU = Debug|Any CPU
		Release|Any CPU = Release|Any CPU
	EndGlobalSection
	GlobalSection(ProjectConfigurationPlatforms) = postSolution
		{3421C04F-3874-4824-8F6A-8767DC6380EC}.Debug|Any CPU.ActiveCfg = Debug|Any CPU
		{3421C04F-3874-4824-8F6A-8767DC6380EC}.Debug|Any CPU.Build.0 = Debug|Any CPU
		{3421C04F-3874-4824-8F6A-8767DC6380EC}.Release|Any CPU.ActiveCfg = Release|Any CPU
		{3421C04F-3874-4824-8F6A-8767DC6380EC}.Release|Any CPU.Build.0 = Release|Any CPU
	EndGlobalSection
	GlobalSection(SolutionProperties) = preSolution
		HideSolutionNode = FALSE
	EndGlobalSection
	GlobalSection(ExtensibilityGlobals) = postSolution
		SolutionGuid = {4901D1E5-0695-4DD9-9F49-C0F83E925AA0}
	EndGlobalSection
EndGlobal
